
Microsoft Visual Studio Solution File, Format Version 12.00
# Visual Studio Version 17
VisualStudioVersion = 17.14.36327.8
MinimumVisualStudioVersion = 10.0.40219.1
Project("{FAE04EC0-301F-11D3-BF4B-00C04F79EFBC}") = "ABankApi", "ABankApi.csproj", "{138F1FAC-7991-4314-A3B7-25D87FBA90F5}"
EndProject
Project("{FAE04EC0-301F-11D3-BF4B-00C04F79EFBC}") = "ABankApi.Tests", "..\ABankApi.Tests\ABankApi.Tests.csproj", "{B0A137CA-F7F4-4B5E-A32F-1FD7577036AE}"
EndProject
Global
	GlobalSection(SolutionConfigurationPlatforms) = preSolution
		Debug|Any CPU = Debug|Any CPU
		Release|Any CPU = Release|Any CPU
	EndGlobalSection
	GlobalSection(ProjectConfigurationPlatforms) = postSolution
		{138F1FAC-7991-4314-A3B7-25D87FBA90F5}.Debug|Any CPU.ActiveCfg = Debug|Any CPU
		{138F1FAC-7991-4314-A3B7-25D87FBA90F5}.Debug|Any CPU.Build.0 = Debug|Any CPU
		{138F1FAC-7991-4314-A3B7-25D87FBA90F5}.Release|Any CPU.ActiveCfg = Release|Any CPU
		{138F1FAC-7991-4314-A3B7-25D87FBA90F5}.Release|Any CPU.Build.0 = Release|Any CPU
		{B0A137CA-F7F4-4B5E-A32F-1FD7577036AE}.Debug|Any CPU.ActiveCfg = Debug|Any CPU
		{B0A137CA-F7F4-4B5E-A32F-1FD7577036AE}.Debug|Any CPU.Build.0 = Debug|Any CPU
		{B0A137CA-F7F4-4B5E-A32F-1FD7577036AE}.Release|Any CPU.ActiveCfg = Release|Any CPU
		{B0A137CA-F7F4-4B5E-A32F-1FD7577036AE}.Release|Any CPU.Build.0 = Release|Any CPU
	EndGlobalSection
	GlobalSection(SolutionProperties) = preSolution
		HideSolutionNode = FALSE
	EndGlobalSection
	GlobalSection(ExtensibilityGlobals) = postSolution
		SolutionGuid = {35B149A7-197B-4039-9387-6D37C0776DC3}
	EndGlobalSection
EndGlobal
